// !$*UTF8*$!
{
	archiveVersion = 1;
	classes = {
	};
	objectVersion = 46;
	objects = {

/* Begin PBXBuildFile section */
		EA0427C01C7B0BAB0012322D /* AppDelegate.swift in Sources */ = {isa = PBXBuildFile; fileRef = EA0427BF1C7B0BAB0012322D /* AppDelegate.swift */; };
		EA0427C21C7B0BAB0012322D /* ViewController.swift in Sources */ = {isa = PBXBuildFile; fileRef = EA0427C11C7B0BAB0012322D /* ViewController.swift */; };
		EA0427C51C7B0BAB0012322D /* Main.storyboard in Resources */ = {isa = PBXBuildFile; fileRef = EA0427C31C7B0BAB0012322D /* Main.storyboard */; };
		EA0427C71C7B0BAB0012322D /* Assets.xcassets in Resources */ = {isa = PBXBuildFile; fileRef = EA0427C61C7B0BAB0012322D /* Assets.xcassets */; };
		EA0427CA1C7B0BAB0012322D /* LaunchScreen.storyboard in Resources */ = {isa = PBXBuildFile; fileRef = EA0427C81C7B0BAB0012322D /* LaunchScreen.storyboard */; };
		EA0427D51C7B0BAB0012322D /* SlideShowAppTests.swift in Sources */ = {isa = PBXBuildFile; fileRef = EA0427D41C7B0BAB0012322D /* SlideShowAppTests.swift */; };
		EA0427E01C7B0BAB0012322D /* SlideShowAppUITests.swift in Sources */ = {isa = PBXBuildFile; fileRef = EA0427DF1C7B0BAB0012322D /* SlideShowAppUITests.swift */; };
		EA0427F41C7B0ECE0012322D /* ResultViewController.swift in Sources */ = {isa = PBXBuildFile; fileRef = EA0427F31C7B0ECE0012322D /* ResultViewController.swift */; };
/* End PBXBuildFile section */

/* Begin PBXContainerItemProxy section */
		EA0427D11C7B0BAB0012322D /* PBXContainerItemProxy */ = {
			isa = PBXContainerItemProxy;
			containerPortal = EA0427B41C7B0BAB0012322D /* Project object */;
			proxyType = 1;
			remoteGlobalIDString = EA0427BB1C7B0BAB0012322D;
			remoteInfo = SlideShowApp;
		};
		EA0427DC1C7B0BAB0012322D /* PBXContainerItemProxy */ = {
			isa = PBXContainerItemProxy;
			containerPortal = EA0427B41C7B0BAB0012322D /* Project object */;
			proxyType = 1;
			remoteGlobalIDString = EA0427BB1C7B0BAB0012322D;
			remoteInfo = SlideShowApp;
		};
/* End PBXContainerItemProxy section */

/* Begin PBXFileReference section */
		EA0427BC1C7B0BAB0012322D /* SlideShowApp.app */ = {isa = PBXFileReference; explicitFileType = wrapper.application; includeInIndex = 0; path = SlideShowApp.app; sourceTree = BUILT_PRODUCTS_DIR; };
		EA0427BF1C7B0BAB0012322D /* AppDelegate.swift */ = {isa = PBXFileReference; lastKnownFileType = sourcecode.swift; path = AppDelegate.swift; sourceTree = "<group>"; };
		EA0427C11C7B0BAB0012322D /* ViewController.swift */ = {isa = PBXFileReference; lastKnownFileType = sourcecode.swift; path = ViewController.swift; sourceTree = "<group>"; };
		EA0427C41C7B0BAB0012322D /* Base */ = {isa = PBXFileReference; lastKnownFileType = file.storyboard; name = Base; path = Base.lproj/Main.storyboard; sourceTree = "<group>"; };
		EA0427C61C7B0BAB0012322D /* Assets.xcassets */ = {isa = PBXFileReference; lastKnownFileType = folder.assetcatalog; path = Assets.xcassets; sourceTree = "<group>"; };
		EA0427C91C7B0BAB0012322D /* Base */ = {isa = PBXFileReference; lastKnownFileType = file.storyboard; name = Base; path = Base.lproj/LaunchScreen.storyboard; sourceTree = "<group>"; };
		EA0427CB1C7B0BAB0012322D /* Info.plist */ = {isa = PBXFileReference; lastKnownFileType = text.plist.xml; path = Info.plist; sourceTree = "<group>"; };
		EA0427D01C7B0BAB0012322D /* SlideShowAppTests.xctest */ = {isa = PBXFileReference; explicitFileType = wrapper.cfbundle; includeInIndex = 0; path = SlideShowAppTests.xctest; sourceTree = BUILT_PRODUCTS_DIR; };
		EA0427D41C7B0BAB0012322D /* SlideShowAppTests.swift */ = {isa = PBXFileReference; lastKnownFileType = sourcecode.swift; path = SlideShowAppTests.swift; sourceTree = "<group>"; };
		EA0427D61C7B0BAB0012322D /* Info.plist */ = {isa = PBXFileReference; lastKnownFileType = text.plist.xml; path = Info.plist; sourceTree = "<group>"; };
		EA0427DB1C7B0BAB0012322D /* SlideShowAppUITests.xctest */ = {isa = PBXFileReference; explicitFileType = wrapper.cfbundle; includeInIndex = 0; path = SlideShowAppUITests.xctest; sourceTree = BUILT_PRODUCTS_DIR; };
		EA0427DF1C7B0BAB0012322D /* SlideShowAppUITests.swift */ = {isa = PBXFileReference; lastKnownFileType = sourcecode.swift; path = SlideShowAppUITests.swift; sourceTree = "<group>"; };
		EA0427E11C7B0BAB0012322D /* Info.plist */ = {isa = PBXFileReference; lastKnownFileType = text.plist.xml; path = Info.plist; sourceTree = "<group>"; };
		EA0427F31C7B0ECE0012322D /* ResultViewController.swift */ = {isa = PBXFileReference; fileEncoding = 4; lastKnownFileType = sourcecode.swift; path = ResultViewController.swift; sourceTree = "<group>"; };
/* End PBXFileReference section */

/* Begin PBXFrameworksBuildPhase section */
		EA0427B91C7B0BAB0012322D /* Frameworks */ = {
			isa = PBXFrameworksBuildPhase;
			buildActionMask = 2147483647;
			files = (
			);
			runOnlyForDeploymentPostprocessing = 0;
		};
		EA0427CD1C7B0BAB0012322D /* Frameworks */ = {
			isa = PBXFrameworksBuildPhase;
			buildActionMask = 2147483647;
			files = (
			);
			runOnlyForDeploymentPostprocessing = 0;
		};
		EA0427D81C7B0BAB0012322D /* Frameworks */ = {
			isa = PBXFrameworksBuildPhase;
			buildActionMask = 2147483647;
			files = (
			);
			runOnlyForDeploymentPostprocessing = 0;
		};
/* End PBXFrameworksBuildPhase section */

/* Begin PBXGroup section */
		EA0427B31C7B0BAB0012322D = {
			isa = PBXGroup;
			children = (
				EA0427BE1C7B0BAB0012322D /* SlideShowApp */,
				EA0427D31C7B0BAB0012322D /* SlideShowAppTests */,
				EA0427DE1C7B0BAB0012322D /* SlideShowAppUITests */,
				EA0427BD1C7B0BAB0012322D /* Products */,
			);
			sourceTree = "<group>";
		};
		EA0427BD1C7B0BAB0012322D /* Products */ = {
			isa = PBXGroup;
			children = (
				EA0427BC1C7B0BAB0012322D /* SlideShowApp.app */,
				EA0427D01C7B0BAB0012322D /* SlideShowAppTests.xctest */,
				EA0427DB1C7B0BAB0012322D /* SlideShowAppUITests.xctest */,
			);
			name = Products;
			sourceTree = "<group>";
		};
		EA0427BE1C7B0BAB0012322D /* SlideShowApp */ = {
			isa = PBXGroup;
			children = (
				EA0427BF1C7B0BAB0012322D /* AppDelegate.swift */,
				EA0427C11C7B0BAB0012322D /* ViewController.swift */,
				EA0427F31C7B0ECE0012322D /* ResultViewController.swift */,
				EA0427C31C7B0BAB0012322D /* Main.storyboard */,
				EA0427C61C7B0BAB0012322D /* Assets.xcassets */,
				EA0427C81C7B0BAB0012322D /* LaunchScreen.storyboard */,
				EA0427CB1C7B0BAB0012322D /* Info.plist */,
			);
			path = SlideShowApp;
			sourceTree = "<group>";
		};
		EA0427D31C7B0BAB0012322D /* SlideShowAppTests */ = {
			isa = PBXGroup;
			children = (
				EA0427D41C7B0BAB0012322D /* SlideShowAppTests.swift */,
				EA0427D61C7B0BAB0012322D /* Info.plist */,
			);
			path = SlideShowAppTests;
			sourceTree = "<group>";
		};
		EA0427DE1C7B0BAB0012322D /* SlideShowAppUITests */ = {
			isa = PBXGroup;
			children = (
				EA0427DF1C7B0BAB0012322D /* SlideShowAppUITests.swift */,
				EA0427E11C7B0BAB0012322D /* Info.plist */,
			);
			path = SlideShowAppUITests;
			sourceTree = "<group>";
		};
/* End PBXGroup section */

/* Begin PBXNativeTarget section */
		EA0427BB1C7B0BAB0012322D /* SlideShowApp */ = {
			isa = PBXNativeTarget;
			buildConfigurationList = EA0427E41C7B0BAB0012322D /* Build configuration list for PBXNativeTarget "SlideShowApp" */;
			buildPhases = (
				EA0427B81C7B0BAB0012322D /* Sources */,
				EA0427B91C7B0BAB0012322D /* Frameworks */,
				EA0427BA1C7B0BAB0012322D /* Resources */,
			);
			buildRules = (
			);
			dependencies = (
			);
			name = SlideShowApp;
			productName = SlideShowApp;
			productReference = EA0427BC1C7B0BAB0012322D /* SlideShowApp.app */;
			productType = "com.apple.product-type.application";
		};
		EA0427CF1C7B0BAB0012322D /* SlideShowAppTests */ = {
			isa = PBXNativeTarget;
			buildConfigurationList = EA0427E71C7B0BAB0012322D /* Build configuration list for PBXNativeTarget "SlideShowAppTests" */;
			buildPhases = (
				EA0427CC1C7B0BAB0012322D /* Sources */,
				EA0427CD1C7B0BAB0012322D /* Frameworks */,
				EA0427CE1C7B0BAB0012322D /* Resources */,
			);
			buildRules = (
			);
			dependencies = (
				EA0427D21C7B0BAB0012322D /* PBXTargetDependency */,
			);
			name = SlideShowAppTests;
			productName = SlideShowAppTests;
			productReference = EA0427D01C7B0BAB0012322D /* SlideShowAppTests.xctest */;
			productType = "com.apple.product-type.bundle.unit-test";
		};
		EA0427DA1C7B0BAB0012322D /* SlideShowAppUITests */ = {
			isa = PBXNativeTarget;
			buildConfigurationList = EA0427EA1C7B0BAB0012322D /* Build configuration list for PBXNativeTarget "SlideShowAppUITests" */;
			buildPhases = (
				EA0427D71C7B0BAB0012322D /* Sources */,
				EA0427D81C7B0BAB0012322D /* Frameworks */,
				EA0427D91C7B0BAB0012322D /* Resources */,
			);
			buildRules = (
			);
			dependencies = (
				EA0427DD1C7B0BAB0012322D /* PBXTargetDependency */,
			);
			name = SlideShowAppUITests;
			productName = SlideShowAppUITests;
			productReference = EA0427DB1C7B0BAB0012322D /* SlideShowAppUITests.xctest */;
			productType = "com.apple.product-type.bundle.ui-testing";
		};
/* End PBXNativeTarget section */

/* Begin PBXProject section */
		EA0427B41C7B0BAB0012322D /* Project object */ = {
			isa = PBXProject;
			attributes = {
				LastSwiftUpdateCheck = 0730;
				LastUpgradeCheck = 0730;
				ORGANIZATIONNAME = hiropon;
				TargetAttributes = {
					EA0427BB1C7B0BAB0012322D = {
						CreatedOnToolsVersion = 7.3;
						DevelopmentTeam = 28BQB7FC64;
					};
					EA0427CF1C7B0BAB0012322D = {
						CreatedOnToolsVersion = 7.3;
						DevelopmentTeam = 28BQB7FC64;
						TestTargetID = EA0427BB1C7B0BAB0012322D;
					};
					EA0427DA1C7B0BAB0012322D = {
						CreatedOnToolsVersion = 7.3;
						DevelopmentTeam = 28BQB7FC64;
						TestTargetID = EA0427BB1C7B0BAB0012322D;
					};
				};
			};
			buildConfigurationList = EA0427B71C7B0BAB0012322D /* Build configuration list for PBXProject "SlideShowApp" */;
			compatibilityVersion = "Xcode 3.2";
			developmentRegion = English;
			hasScannedForEncodings = 0;
			knownRegions = (
				en,
				Base,
			);
			mainGroup = EA0427B31C7B0BAB0012322D;
			productRefGroup = EA0427BD1C7B0BAB0012322D /* Products */;
			projectDirPath = "";
			projectRoot = "";
			targets = (
				EA0427BB1C7B0BAB0012322D /* SlideShowApp */,
				EA0427CF1C7B0BAB0012322D /* SlideShowAppTests */,
				EA0427DA1C7B0BAB0012322D /* SlideShowAppUITests */,
			);
		};
/* End PBXProject section */

/* Begin PBXResourcesBuildPhase section */
		EA0427BA1C7B0BAB0012322D /* Resources */ = {
			isa = PBXResourcesBuildPhase;
			buildActionMask = 2147483647;
			files = (
				EA0427CA1C7B0BAB0012322D /* LaunchScreen.storyboard in Resources */,
				EA0427C71C7B0BAB0012322D /* Assets.xcassets in Resources */,
				EA0427C51C7B0BAB0012322D /* Main.storyboard in Resources */,
			);
			runOnlyForDeploymentPostprocessing = 0;
		};
		EA0427CE1C7B0BAB0012322D /* Resources */ = {
			isa = PBXResourcesBuildPhase;
			buildActionMask = 2147483647;
			files = (
			);
			runOnlyForDeploymentPostprocessing = 0;
		};
		EA0427D91C7B0BAB0012322D /* Resources */ = {
			isa = PBXResourcesBuildPhase;
			buildActionMask = 2147483647;
			files = (
			);
			runOnlyForDeploymentPostprocessing = 0;
		};
/* End PBXResourcesBuildPhase section */

/* Begin PBXSourcesBuildPhase section */
		EA0427B81C7B0BAB0012322D /* Sources */ = {
			isa = PBXSourcesBuildPhase;
			buildActionMask = 2147483647;
			files = (
				EA0427C21C7B0BAB0012322D /* ViewController.swift in Sources */,
				EA0427C01C7B0BAB0012322D /* AppDelegate.swift in Sources */,
				EA0427F41C7B0ECE0012322D /* ResultViewController.swift in Sources */,
			);
			runOnlyForDeploymentPostprocessing = 0;
		};
		EA0427CC1C7B0BAB0012322D /* Sources */ = {
			isa = PBXSourcesBuildPhase;
			buildActionMask = 2147483647;
			files = (
				EA0427D51C7B0BAB0012322D /* SlideShowAppTests.swift in Sources */,
			);
			runOnlyForDeploymentPostprocessing = 0;
		};
		EA0427D71C7B0BAB0012322D /* Sources */ = {
			isa = PBXSourcesBuildPhase;
			buildActionMask = 2147483647;
			files = (
				EA0427E01C7B0BAB0012322D /* SlideShowAppUITests.swift in Sources */,
			);
			runOnlyForDeploymentPostprocessing = 0;
		};
/* End PBXSourcesBuildPhase section */

/* Begin PBXTargetDependency section */
		EA0427D21C7B0BAB0012322D /* PBXTargetDependency */ = {
			isa = PBXTargetDependency;
			target = EA0427BB1C7B0BAB0012322D /* SlideShowApp */;
			targetProxy = EA0427D11C7B0BAB0012322D /* PBXContainerItemProxy */;
		};
		EA0427DD1C7B0BAB0012322D /* PBXTargetDependency */ = {
			isa = PBXTargetDependency;
			target = EA0427BB1C7B0BAB0012322D /* SlideShowApp */;
			targetProxy = EA0427DC1C7B0BAB0012322D /* PBXContainerItemProxy */;
		};
/* End PBXTargetDependency section */

/* Begin PBXVariantGroup section */
		EA0427C31C7B0BAB0012322D /* Main.storyboard */ = {
			isa = PBXVariantGroup;
			children = (
				EA0427C41C7B0BAB0012322D /* Base */,
			);
			name = Main.storyboard;
			sourceTree = "<group>";
		};
		EA0427C81C7B0BAB0012322D /* LaunchScreen.storyboard */ = {
			isa = PBXVariantGroup;
			children = (
				EA0427C91C7B0BAB0012322D /* Base */,
			);
			name = LaunchScreen.storyboard;
			sourceTree = "<group>";
		};
/* End PBXVariantGroup section */

/* Begin XCBuildConfiguration section */
		EA0427E21C7B0BAB0012322D /* Debug */ = {
			isa = XCBuildConfiguration;
			buildSettings = {
				ALWAYS_SEARCH_USER_PATHS = NO;
				CLANG_CXX_LANGUAGE_STANDARD = "gnu++0x";
				CLANG_CXX_LIBRARY = "libc++";
				CLANG_ENABLE_MODULES = YES;
				CLANG_ENABLE_OBJC_ARC = YES;
				CLANG_WARN_BOOL_CONVERSION = YES;
				CLANG_WARN_CONSTANT_CONVERSION = YES;
				CLANG_WARN_DIRECT_OBJC_ISA_USAGE = YES_ERROR;
				CLANG_WARN_EMPTY_BODY = YES;
				CLANG_WARN_ENUM_CONVERSION = YES;
				CLANG_WARN_INT_CONVERSION = YES;
				CLANG_WARN_OBJC_ROOT_CLASS = YES_ERROR;
				CLANG_WARN_UNREACHABLE_CODE = YES;
				CLANG_WARN__DUPLICATE_METHOD_MATCH = YES;
				"CODE_SIGN_IDENTITY[sdk=iphoneos*]" = "iPhone Developer";
				COPY_PHASE_STRIP = NO;
				DEBUG_INFORMATION_FORMAT = dwarf;
				ENABLE_STRICT_OBJC_MSGSEND = YES;
				ENABLE_TESTABILITY = YES;
				GCC_C_LANGUAGE_STANDARD = gnu99;
				GCC_DYNAMIC_NO_PIC = NO;
				GCC_NO_COMMON_BLOCKS = YES;
				GCC_OPTIMIZATION_LEVEL = 0;
				GCC_PREPROCESSOR_DEFINITIONS = (
					"DEBUG=1",
					"$(inherited)",
				);
				GCC_WARN_64_TO_32_BIT_CONVERSION = YES;
				GCC_WARN_ABOUT_RETURN_TYPE = YES_ERROR;
				GCC_WARN_UNDECLARED_SELECTOR = YES;
				GCC_WARN_UNINITIALIZED_AUTOS = YES_AGGRESSIVE;
				GCC_WARN_UNUSED_FUNCTION = YES;
				GCC_WARN_UNUSED_VARIABLE = YES;
				IPHONEOS_DEPLOYMENT_TARGET = 9.3;
				MTL_ENABLE_DEBUG_INFO = YES;
				ONLY_ACTIVE_ARCH = YES;
				SDKROOT = iphoneos;
				SWIFT_OPTIMIZATION_LEVEL = "-Onone";
			};
			name = Debug;
		};
		EA0427E31C7B0BAB0012322D /* Release */ = {
			isa = XCBuildConfiguration;
			buildSettings = {
				ALWAYS_SEARCH_USER_PATHS = NO;
				CLANG_CXX_LANGUAGE_STANDARD = "gnu++0x";
				CLANG_CXX_LIBRARY = "libc++";
				CLANG_ENABLE_MODULES = YES;
				CLANG_ENABLE_OBJC_ARC = YES;
				CLANG_WARN_BOOL_CONVERSION = YES;
				CLANG_WARN_CONSTANT_CONVERSION = YES;
				CLANG_WARN_DIRECT_OBJC_ISA_USAGE = YES_ERROR;
				CLANG_WARN_EMPTY_BODY = YES;
				CLANG_WARN_ENUM_CONVERSION = YES;
				CLANG_WARN_INT_CONVERSION = YES;
				CLANG_WARN_OBJC_ROOT_CLASS = YES_ERROR;
				CLANG_WARN_UNREACHABLE_CODE = YES;
				CLANG_WARN__DUPLICATE_METHOD_MATCH = YES;
				"CODE_SIGN_IDENTITY[sdk=iphoneos*]" = "iPhone Developer";
				COPY_PHASE_STRIP = NO;
				DEBUG_INFORMATION_FORMAT = "dwarf-with-dsym";
				ENABLE_NS_ASSERTIONS = NO;
				ENABLE_STRICT_OBJC_MSGSEND = YES;
				GCC_C_LANGUAGE_STANDARD = gnu99;
				GCC_NO_COMMON_BLOCKS = YES;
				GCC_WARN_64_TO_32_BIT_CONVERSION = YES;
				GCC_WARN_ABOUT_RETURN_TYPE = YES_ERROR;
				GCC_WARN_UNDECLARED_SELECTOR = YES;
				GCC_WARN_UNINITIALIZED_AUTOS = YES_AGGRESSIVE;
				GCC_WARN_UNUSED_FUNCTION = YES;
				GCC_WARN_UNUSED_VARIABLE = YES;
				IPHONEOS_DEPLOYMENT_TARGET = 9.3;
				MTL_ENABLE_DEBUG_INFO = NO;
				SDKROOT = iphoneos;
				VALIDATE_PRODUCT = YES;
			};
			name = Release;
		};
		EA0427E51C7B0BAB0012322D /* Debug */ = {
			isa = XCBuildConfiguration;
			buildSettings = {
				ASSETCATALOG_COMPILER_APPICON_NAME = AppIcon;
				INFOPLIST_FILE = SlideShowApp/Info.plist;
				LD_RUNPATH_SEARCH_PATHS = "$(inherited) @executable_path/Frameworks";
				PRODUCT_BUNDLE_IDENTIFIER = hirpon.com.SlideShowApp;
				PRODUCT_NAME = "$(TARGET_NAME)";
			};
			name = Debug;
		};
		EA0427E61C7B0BAB0012322D /* Release */ = {
			isa = XCBuildConfiguration;
			buildSettings = {
				ASSETCATALOG_COMPILER_APPICON_NAME = AppIcon;
				INFOPLIST_FILE = SlideShowApp/Info.plist;
				LD_RUNPATH_SEARCH_PATHS = "$(inherited) @executable_path/Frameworks";
				PRODUCT_BUNDLE_IDENTIFIER = hirpon.com.SlideShowApp;
				PRODUCT_NAME = "$(TARGET_NAME)";
			};
			name = Release;
		};
		EA0427E81C7B0BAB0012322D /* Debug */ = {
			isa = XCBuildConfiguration;
			buildSettings = {
				BUNDLE_LOADER = "$(TEST_HOST)";
				INFOPLIST_FILE = SlideShowAppTests/Info.plist;
				LD_RUNPATH_SEARCH_PATHS = "$(inherited) @executable_path/Frameworks @loader_path/Frameworks";
				PRODUCT_BUNDLE_IDENTIFIER = hirpon.com.SlideShowAppTests;
				PRODUCT_NAME = "$(TARGET_NAME)";
				TEST_HOST = "$(BUILT_PRODUCTS_DIR)/SlideShowApp.app/SlideShowApp";
			};
			name = Debug;
		};
		EA0427E91C7B0BAB0012322D /* Release */ = {
			isa = XCBuildConfiguration;
			buildSettings = {
				BUNDLE_LOADER = "$(TEST_HOST)";
				INFOPLIST_FILE = SlideShowAppTests/Info.plist;
				LD_RUNPATH_SEARCH_PATHS = "$(inherited) @executable_path/Frameworks @loader_path/Frameworks";
				PRODUCT_BUNDLE_IDENTIFIER = hirpon.com.SlideShowAppTests;
				PRODUCT_NAME = "$(TARGET_NAME)";
				TEST_HOST = "$(BUILT_PRODUCTS_DIR)/SlideShowApp.app/SlideShowApp";
			};
			name = Release;
		};
		EA0427EB1C7B0BAB0012322D /* Debug */ = {
			isa = XCBuildConfiguration;
			buildSettings = {
				INFOPLIST_FILE = SlideShowAppUITests/Info.plist;
				LD_RUNPATH_SEARCH_PATHS = "$(inherited) @executable_path/Frameworks @loader_path/Frameworks";
				PRODUCT_BUNDLE_IDENTIFIER = hirpon.com.SlideShowAppUITests;
				PRODUCT_NAME = "$(TARGET_NAME)";
				TEST_TARGET_NAME = SlideShowApp;
			};
			name = Debug;
		};
		EA0427EC1C7B0BAB0012322D /* Release */ = {
			isa = XCBuildConfiguration;
			buildSettings = {
				INFOPLIST_FILE = SlideShowAppUITests/Info.plist;
				LD_RUNPATH_SEARCH_PATHS = "$(inherited) @executable_path/Frameworks @loader_path/Frameworks";
				PRODUCT_BUNDLE_IDENTIFIER = hirpon.com.SlideShowAppUITests;
				PRODUCT_NAME = "$(TARGET_NAME)";
				TEST_TARGET_NAME = SlideShowApp;
			};
			name = Release;
		};
/* End XCBuildConfiguration section */

/* Begin XCConfigurationList section */
		EA0427B71C7B0BAB0012322D /* Build configuration list for PBXProject "SlideShowApp" */ = {
			isa = XCConfigurationList;
			buildConfigurations = (
				EA0427E21C7B0BAB0012322D /* Debug */,
				EA0427E31C7B0BAB0012322D /* Release */,
			);
			defaultConfigurationIsVisible = 0;
			defaultConfigurationName = Release;
		};
		EA0427E41C7B0BAB0012322D /* Build configuration list for PBXNativeTarget "SlideShowApp" */ = {
			isa = XCConfigurationList;
			buildConfigurations = (
				EA0427E51C7B0BAB0012322D /* Debug */,
				EA0427E61C7B0BAB0012322D /* Release */,
			);
			defaultConfigurationIsVisible = 0;
		};
		EA0427E71C7B0BAB0012322D /* Build configuration list for PBXNativeTarget "SlideShowAppTests" */ = {
			isa = XCConfigurationList;
			buildConfigurations = (
				EA0427E81C7B0BAB0012322D /* Debug */,
				EA0427E91C7B0BAB0012322D /* Release */,
			);
			defaultConfigurationIsVisible = 0;
		};
		EA0427EA1C7B0BAB0012322D /* Build configuration list for PBXNativeTarget "SlideShowAppUITests" */ = {
			isa = XCConfigurationList;
			buildConfigurations = (
				EA0427EB1C7B0BAB0012322D /* Debug */,
				EA0427EC1C7B0BAB0012322D /* Release */,
			);
			defaultConfigurationIsVisible = 0;
		};
/* End XCConfigurationList section */
	};
	rootObject = EA0427B41C7B0BAB0012322D /* Project object */;
}
